
Microsoft Visual Studio Solution File, Format Version 12.00
# Visual Studio 14
VisualStudioVersion = 14.0.25420.1
MinimumVisualStudioVersion = 10.0.40219.1
Project("{FAE04EC0-301F-11D3-BF4B-00C04F79EFBC}") = "Projekat_za_oop", "Projekat_za_oop\Projekat_za_oop.csproj", "{BEA1FB64-5B98-4265-9CFA-7E0F1E8F2FDD}"
EndProject
Global
	GlobalSection(SolutionConfigurationPlatforms) = preSolution
		Debug|Any CPU = Debug|Any CPU
		Release|Any CPU = Release|Any CPU
	EndGlobalSection
	GlobalSection(ProjectConfigurationPlatforms) = postSolution
		{BEA1FB64-5B98-4265-9CFA-7E0F1E8F2FDD}.Debug|Any CPU.ActiveCfg = Debug|Any CPU
		{BEA1FB64-5B98-4265-9CFA-7E0F1E8F2FDD}.Debug|Any CPU.Build.0 = Debug|Any CPU
		{BEA1FB64-5B98-4265-9CFA-7E0F1E8F2FDD}.Release|Any CPU.ActiveCfg = Release|Any CPU
		{BEA1FB64-5B98-4265-9CFA-7E0F1E8F2FDD}.Release|Any CPU.Build.0 = Release|Any CPU
	EndGlobalSection
	GlobalSection(SolutionProperties) = preSolution
		HideSolutionNode = FALSE
	EndGlobalSection
EndGlobal
